
Microsoft Visual Studio Solution File, Format Version 12.00
# Visual Studio Version 16
VisualStudioVersion = 16.0.32126.315
MinimumVisualStudioVersion = 10.0.40219.1
Project("{FAE04EC0-301F-11D3-BF4B-00C04F79EFBC}") = "DevOpsConsole", "DevOpsConsole\DevOpsConsole.csproj", "{7EA009FD-16DE-48EA-B034-52A05461B5A2}"
EndProject
Global
	GlobalSection(SolutionConfigurationPlatforms) = preSolution
		Debug|Any CPU = Debug|Any CPU
		Release|Any CPU = Release|Any CPU
	EndGlobalSection
	GlobalSection(ProjectConfigurationPlatforms) = postSolution
		{7EA009FD-16DE-48EA-B034-52A05461B5A2}.Debug|Any CPU.ActiveCfg = Debug|Any CPU
		{7EA009FD-16DE-48EA-B034-52A05461B5A2}.Debug|Any CPU.Build.0 = Debug|Any CPU
		{7EA009FD-16DE-48EA-B034-52A05461B5A2}.Release|Any CPU.ActiveCfg = Release|Any CPU
		{7EA009FD-16DE-48EA-B034-52A05461B5A2}.Release|Any CPU.Build.0 = Release|Any CPU
	EndGlobalSection
	GlobalSection(SolutionProperties) = preSolution
		HideSolutionNode = FALSE
	EndGlobalSection
	GlobalSection(ExtensibilityGlobals) = postSolution
		SolutionGuid = {D27C01A6-C6D3-4561-A5FC-1A86FC8CB4C2}
	EndGlobalSection
EndGlobal
